<?xml version="1.0" encoding="utf-8"?>
<Project ToolsVersion="4.0" xmlns="http://schemas.microsoft.com/developer/msbuild/2003">
  <ItemGroup>
    <ClCompile Include="Auction.cpp">
      <Filter>Source Files</Filter>
    </ClCompile>
    <ClCompile Include="Card.cpp">
      <Filter>Source Files</Filter>
    </ClCompile>
    <ClCompile Include="Game.cpp">
      <Filter>Source Files</Filter>
    </ClCompile>
    <ClCompile Include="GameColour.cpp">
      <Filter>Source Files</Filter>
    </ClCompile>
    <ClCompile Include="GameDurh.cpp">
      <Filter>Source Files</Filter>
    </ClCompile>
    <ClCompile Include="GameMisery.cpp">
      <Filter>Source Files</Filter>
    </ClCompile>
    <ClCompile Include="GameWarsow.cpp">
      <Filter>Source Files</Filter>
    </ClCompile>
    <ClCompile Include="Main.cpp">
      <Filter>Source Files</Filter>
    </ClCompile>
    <ClCompile Include="Player.cpp">
      <Filter>Source Files</Filter>
    </ClCompile>
    <ClCompile Include="Run.cpp">
      <Filter>Source Files</Filter>
    </ClCompile>
    <ClCompile Include="Text.cpp">
      <Filter>Source Files</Filter>
    </ClCompile>
    <ClCompile Include="TextLoading.cpp" />
    <ClCompile Include="TextDisplaying.cpp" />
    <ClCompile Include="TextLoadingPathToLanguageVersionFiles.cpp" />
  </ItemGroup>
  <ItemGroup>
    <ClInclude Include="Auction.h">
      <Filter>Headers</Filter>
    </ClInclude>
    <ClInclude Include="Card.h">
      <Filter>Headers</Filter>
    </ClInclude>
    <ClInclude Include="Game.h">
      <Filter>Headers</Filter>
    </ClInclude>
    <ClInclude Include="GameColour.h">
      <Filter>Headers</Filter>
    </ClInclude>
    <ClInclude Include="GameDurh.h">
      <Filter>Headers</Filter>
    </ClInclude>
    <ClInclude Include="GameMisery.h">
      <Filter>Headers</Filter>
    </ClInclude>
    <ClInclude Include="GameWarsow.h">
      <Filter>Headers</Filter>
    </ClInclude>
    <ClInclude Include="Player.h">
      <Filter>Headers</Filter>
    </ClInclude>
    <ClInclude Include="Run.h">
      <Filter>Headers</Filter>
    </ClInclude>
    <ClInclude Include="Text.h">
      <Filter>Headers</Filter>
    </ClInclude>
    <ClInclude Include="TextDisplaying.h">
      <Filter>Headers</Filter>
    </ClInclude>
    <ClInclude Include="TextLoading.h">
      <Filter>Headers</Filter>
    </ClInclude>
    <ClInclude Include="TextLoadingPathToLanguageVersionFiles.h">
      <Filter>Headers</Filter>
    </ClInclude>
  </ItemGroup>
  <ItemGroup>
    <Filter Include="Headers">
      <UniqueIdentifier>{caef4deb-350d-4b89-9f39-79dcfa55bbd4}</UniqueIdentifier>
    </Filter>
    <Filter Include="Source Files">
      <UniqueIdentifier>{0f64fad8-0642-458a-8c72-9b19d400d504}</UniqueIdentifier>
    </Filter>
  </ItemGroup>
</Project>